// !$*UTF8*$!
{
	archiveVersion = 1;
	classes = {
	};
	objectVersion = 48;
	objects = {

/* Begin PBXBuildFile section */
		304A12DE2025AB4A001E26A7 /* AppDelegate.m in Sources */ = {isa = PBXBuildFile; fileRef = 304A12DD2025AB4A001E26A7 /* AppDelegate.m */; };
		304A12E12025AB4A001E26A7 /* ViewController.m in Sources */ = {isa = PBXBuildFile; fileRef = 304A12E02025AB4A001E26A7 /* ViewController.m */; };
		304A12E42025AB4A001E26A7 /* Main.storyboard in Resources */ = {isa = PBXBuildFile; fileRef = 304A12E22025AB4A001E26A7 /* Main.storyboard */; };
		304A12E62025AB4A001E26A7 /* Assets.xcassets in Resources */ = {isa = PBXBuildFile; fileRef = 304A12E52025AB4A001E26A7 /* Assets.xcassets */; };
		304A12E92025AB4A001E26A7 /* LaunchScreen.storyboard in Resources */ = {isa = PBXBuildFile; fileRef = 304A12E72025AB4A001E26A7 /* LaunchScreen.storyboard */; };
		304A12EC2025AB4A001E26A7 /* main.m in Sources */ = {isa = PBXBuildFile; fileRef = 304A12EB2025AB4A001E26A7 /* main.m */; };
		304A13322025B7B2001E26A7 /* favorite_bookmark.png in Resources */ = {isa = PBXBuildFile; fileRef = 304A13312025B7B2001E26A7 /* favorite_bookmark.png */; };
		304A13422025B7E0001E26A7 /* leaf-125-3.png in Resources */ = {isa = PBXBuildFile; fileRef = 304A13332025B7DF001E26A7 /* leaf-125-3.png */; };
		304A13432025B7E0001E26A7 /* 枫叶64*64.png in Resources */ = {isa = PBXBuildFile; fileRef = 304A13342025B7DF001E26A7 /* 枫叶64*64.png */; };
		304A13442025B7E0001E26A7 /* leaf-69-2.png in Resources */ = {isa = PBXBuildFile; fileRef = 304A13352025B7DF001E26A7 /* leaf-69-2.png */; };
		304A13452025B7E0001E26A7 /* leaf-97-2.png in Resources */ = {isa = PBXBuildFile; fileRef = 304A13362025B7DF001E26A7 /* leaf-97-2.png */; };
		304A13462025B7E0001E26A7 /* leaf-36-3.png in Resources */ = {isa = PBXBuildFile; fileRef = 304A13372025B7DF001E26A7 /* leaf-36-3.png */; };
		304A13472025B7E0001E26A7 /* leaf-97.png in Resources */ = {isa = PBXBuildFile; fileRef = 304A13382025B7DF001E26A7 /* leaf-97.png */; };
		304A13482025B7E0001E26A7 /* 32*32.png in Resources */ = {isa = PBXBuildFile; fileRef = 304A13392025B7DF001E26A7 /* 32*32.png */; };
		304A13492025B7E0001E26A7 /* leaf-125.png in Resources */ = {isa = PBXBuildFile; fileRef = 304A133A2025B7DF001E26A7 /* leaf-125.png */; };
		304A134A2025B7E0001E26A7 /* 48*48.png in Resources */ = {isa = PBXBuildFile; fileRef = 304A133B2025B7DF001E26A7 /* 48*48.png */; };
		304A134B2025B7E0001E26A7 /* leaf-125-2.png in Resources */ = {isa = PBXBuildFile; fileRef = 304A133C2025B7DF001E26A7 /* leaf-125-2.png */; };
		304A134C2025B7E0001E26A7 /* leaf-69.png in Resources */ = {isa = PBXBuildFile; fileRef = 304A133D2025B7DF001E26A7 /* leaf-69.png */; };
		304A134D2025B7E0001E26A7 /* leaf-69-3.png in Resources */ = {isa = PBXBuildFile; fileRef = 304A133E2025B7DF001E26A7 /* leaf-69-3.png */; };
		304A134E2025B7E0001E26A7 /* 枫叶48*48.png in Resources */ = {isa = PBXBuildFile; fileRef = 304A133F2025B7DF001E26A7 /* 枫叶48*48.png */; };
		304A134F2025B7E0001E26A7 /* 24*24.png in Resources */ = {isa = PBXBuildFile; fileRef = 304A13402025B7E0001E26A7 /* 24*24.png */; };
		304A13502025B7E0001E26A7 /* 64*64.png in Resources */ = {isa = PBXBuildFile; fileRef = 304A13412025B7E0001E26A7 /* 64*64.png */; };
		304A13692025BAD8001E26A7 /* 96-M.png in Resources */ = {isa = PBXBuildFile; fileRef = 304A13512025BAD6001E26A7 /* 96-M.png */; };
		304A136A2025BAD8001E26A7 /* 128-M.png in Resources */ = {isa = PBXBuildFile; fileRef = 304A13522025BAD6001E26A7 /* 128-M.png */; };
		304A136B2025BAD8001E26A7 /* 72-Ecapital.png in Resources */ = {isa = PBXBuildFile; fileRef = 304A13532025BAD7001E26A7 /* 72-Ecapital.png */; };
		304A136C2025BAD8001E26A7 /* 72-i.png in Resources */ = {isa = PBXBuildFile; fileRef = 304A13542025BAD7001E26A7 /* 72-i.png */; };
		304A136D2025BAD8001E26A7 /* H.ico in Resources */ = {isa = PBXBuildFile; fileRef = 304A13552025BAD7001E26A7 /* H.ico */; };
		304A136E2025BAD8001E26A7 /* 96-G.png in Resources */ = {isa = PBXBuildFile; fileRef = 304A13562025BAD7001E26A7 /* 96-G.png */; };
		304A136F2025BAD8001E26A7 /* 64-G.png in Resources */ = {isa = PBXBuildFile; fileRef = 304A13572025BAD7001E26A7 /* 64-G.png */; };
		304A13702025BAD8001E26A7 /* 64-i.png in Resources */ = {isa = PBXBuildFile; fileRef = 304A13582025BAD7001E26A7 /* 64-i.png */; };
		304A13712025BAD8001E26A7 /* 32-Ecapital.png in Resources */ = {isa = PBXBuildFile; fileRef = 304A13592025BAD7001E26A7 /* 32-Ecapital.png */; };
		304A13722025BAD8001E26A7 /* 64-M.png in Resources */ = {isa = PBXBuildFile; fileRef = 304A135A2025BAD7001E26A7 /* 64-M.png */; };
		304A13732025BAD8001E26A7 /* 32-M.png in Resources */ = {isa = PBXBuildFile; fileRef = 304A135B2025BAD7001E26A7 /* 32-M.png */; };
		304A13742025BAD8001E26A7 /* 48-Ecapital.png in Resources */ = {isa = PBXBuildFile; fileRef = 304A135C2025BAD7001E26A7 /* 48-Ecapital.png */; };
		304A13752025BAD8001E26A7 /* 96.png in Resources */ = {isa = PBXBuildFile; fileRef = 304A135D2025BAD7001E26A7 /* 96.png */; };
		304A13762025BAD8001E26A7 /* 72-M.png in Resources */ = {isa = PBXBuildFile; fileRef = 304A135E2025BAD7001E26A7 /* 72-M.png */; };
		304A13772025BAD8001E26A7 /* 48-M.png in Resources */ = {isa = PBXBuildFile; fileRef = 304A135F2025BAD7001E26A7 /* 48-M.png */; };
		304A13782025BAD8001E26A7 /* 72-G.png in Resources */ = {isa = PBXBuildFile; fileRef = 304A13602025BAD8001E26A7 /* 72-G.png */; };
		304A13792025BAD8001E26A7 /* 64-Ecapital.png in Resources */ = {isa = PBXBuildFile; fileRef = 304A13612025BAD8001E26A7 /* 64-Ecapital.png */; };
		304A137A2025BAD8001E26A7 /* 48-G.png in Resources */ = {isa = PBXBuildFile; fileRef = 304A13622025BAD8001E26A7 /* 48-G.png */; };
		304A137B2025BAD8001E26A7 /* 32-i.png in Resources */ = {isa = PBXBuildFile; fileRef = 304A13632025BAD8001E26A7 /* 32-i.png */; };
		304A137C2025BAD8001E26A7 /* 128-Ecapital.png in Resources */ = {isa = PBXBuildFile; fileRef = 304A13642025BAD8001E26A7 /* 128-Ecapital.png */; };
		304A137D2025BAD8001E26A7 /* 24.png in Resources */ = {isa = PBXBuildFile; fileRef = 304A13652025BAD8001E26A7 /* 24.png */; };
		304A137E2025BAD8001E26A7 /* 32-G.png in Resources */ = {isa = PBXBuildFile; fileRef = 304A13662025BAD8001E26A7 /* 32-G.png */; };
		304A137F2025BAD8001E26A7 /* 48-i.png in Resources */ = {isa = PBXBuildFile; fileRef = 304A13672025BAD8001E26A7 /* 48-i.png */; };
		304A13802025BAD8001E26A7 /* 96-Ecapital.png in Resources */ = {isa = PBXBuildFile; fileRef = 304A13682025BAD8001E26A7 /* 96-Ecapital.png */; };
/* End PBXBuildFile section */

/* Begin PBXFileReference section */
		304A12D92025AB4A001E26A7 /* app-团队.app */ = {isa = PBXFileReference; explicitFileType = wrapper.application; includeInIndex = 0; path = "app-团队.app"; sourceTree = BUILT_PRODUCTS_DIR; };
		304A12DC2025AB4A001E26A7 /* AppDelegate.h */ = {isa = PBXFileReference; lastKnownFileType = sourcecode.c.h; path = AppDelegate.h; sourceTree = "<group>"; };
		304A12DD2025AB4A001E26A7 /* AppDelegate.m */ = {isa = PBXFileReference; lastKnownFileType = sourcecode.c.objc; path = AppDelegate.m; sourceTree = "<group>"; };
		304A12DF2025AB4A001E26A7 /* ViewController.h */ = {isa = PBXFileReference; lastKnownFileType = sourcecode.c.h; path = ViewController.h; sourceTree = "<group>"; };
		304A12E02025AB4A001E26A7 /* ViewController.m */ = {isa = PBXFileReference; lastKnownFileType = sourcecode.c.objc; path = ViewController.m; sourceTree = "<group>"; };
		304A12E32025AB4A001E26A7 /* Base */ = {isa = PBXFileReference; lastKnownFileType = file.storyboard; name = Base; path = Base.lproj/Main.storyboard; sourceTree = "<group>"; };
		304A12E52025AB4A001E26A7 /* Assets.xcassets */ = {isa = PBXFileReference; lastKnownFileType = folder.assetcatalog; path = Assets.xcassets; sourceTree = "<group>"; };
		304A12E82025AB4A001E26A7 /* Base */ = {isa = PBXFileReference; lastKnownFileType = file.storyboard; name = Base; path = Base.lproj/LaunchScreen.storyboard; sourceTree = "<group>"; };
		304A12EA2025AB4A001E26A7 /* Info.plist */ = {isa = PBXFileReference; lastKnownFileType = text.plist.xml; path = Info.plist; sourceTree = "<group>"; };
		304A12EB2025AB4A001E26A7 /* main.m */ = {isa = PBXFileReference; lastKnownFileType = sourcecode.c.objc; path = main.m; sourceTree = "<group>"; };
		304A13312025B7B2001E26A7 /* favorite_bookmark.png */ = {isa = PBXFileReference; lastKnownFileType = image.png; name = favorite_bookmark.png; path = ../../../../../../Downloads/favorite_bookmark.png; sourceTree = "<group>"; };
		304A13332025B7DF001E26A7 /* leaf-125-3.png */ = {isa = PBXFileReference; lastKnownFileType = image.png; name = "leaf-125-3.png"; path = "../../../../../../Downloads/leaf-125-3.png"; sourceTree = "<group>"; };
		304A13342025B7DF001E26A7 /* 枫叶64*64.png */ = {isa = PBXFileReference; lastKnownFileType = image.png; name = "枫叶64*64.png"; path = "../../../../../../Downloads/枫叶64*64.png"; sourceTree = "<group>"; };
		304A13352025B7DF001E26A7 /* leaf-69-2.png */ = {isa = PBXFileReference; lastKnownFileType = image.png; name = "leaf-69-2.png"; path = "../../../../../../Downloads/leaf-69-2.png"; sourceTree = "<group>"; };
		304A13362025B7DF001E26A7 /* leaf-97-2.png */ = {isa = PBXFileReference; lastKnownFileType = image.png; name = "leaf-97-2.png"; path = "../../../../../../Downloads/leaf-97-2.png"; sourceTree = "<group>"; };
		304A13372025B7DF001E26A7 /* leaf-36-3.png */ = {isa = PBXFileReference; lastKnownFileType = image.png; name = "leaf-36-3.png"; path = "../../../../../../Downloads/leaf-36-3.png"; sourceTree = "<group>"; };
		304A13382025B7DF001E26A7 /* leaf-97.png */ = {isa = PBXFileReference; lastKnownFileType = image.png; name = "leaf-97.png"; path = "../../../../../../Downloads/leaf-97.png"; sourceTree = "<group>"; };
		304A13392025B7DF001E26A7 /* 32*32.png */ = {isa = PBXFileReference; lastKnownFileType = image.png; name = "32*32.png"; path = "../../../../../../Downloads/32*32.png"; sourceTree = "<group>"; };
		304A133A2025B7DF001E26A7 /* leaf-125.png */ = {isa = PBXFileReference; lastKnownFileType = image.png; name = "leaf-125.png"; path = "../../../../../../Downloads/leaf-125.png"; sourceTree = "<group>"; };
		304A133B2025B7DF001E26A7 /* 48*48.png */ = {isa = PBXFileReference; lastKnownFileType = image.png; name = "48*48.png"; path = "../../../../../../Downloads/48*48.png"; sourceTree = "<group>"; };
		304A133C2025B7DF001E26A7 /* leaf-125-2.png */ = {isa = PBXFileReference; lastKnownFileType = image.png; name = "leaf-125-2.png"; path = "../../../../../../Downloads/leaf-125-2.png"; sourceTree = "<group>"; };
		304A133D2025B7DF001E26A7 /* leaf-69.png */ = {isa = PBXFileReference; lastKnownFileType = image.png; name = "leaf-69.png"; path = "../../../../../../Downloads/leaf-69.png"; sourceTree = "<group>"; };
		304A133E2025B7DF001E26A7 /* leaf-69-3.png */ = {isa = PBXFileReference; lastKnownFileType = image.png; name = "leaf-69-3.png"; path = "../../../../../../Downloads/leaf-69-3.png"; sourceTree = "<group>"; };
		304A133F2025B7DF001E26A7 /* 枫叶48*48.png */ = {isa = PBXFileReference; lastKnownFileType = image.png; name = "枫叶48*48.png"; path = "../../../../../../Downloads/枫叶48*48.png"; sourceTree = "<group>"; };
		304A13402025B7E0001E26A7 /* 24*24.png */ = {isa = PBXFileReference; lastKnownFileType = image.png; name = "24*24.png"; path = "../../../../../../Downloads/24*24.png"; sourceTree = "<group>"; };
		304A13412025B7E0001E26A7 /* 64*64.png */ = {isa = PBXFileReference; lastKnownFileType = image.png; name = "64*64.png"; path = "../../../../../../Downloads/64*64.png"; sourceTree = "<group>"; };
		304A13512025BAD6001E26A7 /* 96-M.png */ = {isa = PBXFileReference; lastKnownFileType = image.png; name = "96-M.png"; path = "../../../../../../Downloads/96-M.png"; sourceTree = "<group>"; };
		304A13522025BAD6001E26A7 /* 128-M.png */ = {isa = PBXFileReference; lastKnownFileType = image.png; name = "128-M.png"; path = "../../../../../../Downloads/128-M.png"; sourceTree = "<group>"; };
		304A13532025BAD7001E26A7 /* 72-Ecapital.png */ = {isa = PBXFileReference; lastKnownFileType = image.png; name = "72-Ecapital.png"; path = "../../../../../../Downloads/72-Ecapital.png"; sourceTree = "<group>"; };
		304A13542025BAD7001E26A7 /* 72-i.png */ = {isa = PBXFileReference; lastKnownFileType = image.png; name = "72-i.png"; path = "../../../../../../Downloads/72-i.png"; sourceTree = "<group>"; };
		304A13552025BAD7001E26A7 /* H.ico */ = {isa = PBXFileReference; lastKnownFileType = image.ico; name = H.ico; path = ../../../../../../Downloads/H.ico; sourceTree = "<group>"; };
		304A13562025BAD7001E26A7 /* 96-G.png */ = {isa = PBXFileReference; lastKnownFileType = image.png; name = "96-G.png"; path = "../../../../../../Downloads/96-G.png"; sourceTree = "<group>"; };
		304A13572025BAD7001E26A7 /* 64-G.png */ = {isa = PBXFileReference; lastKnownFileType = image.png; name = "64-G.png"; path = "../../../../../../Downloads/64-G.png"; sourceTree = "<group>"; };
		304A13582025BAD7001E26A7 /* 64-i.png */ = {isa = PBXFileReference; lastKnownFileType = image.png; name = "64-i.png"; path = "../../../../../../Downloads/64-i.png"; sourceTree = "<group>"; };
		304A13592025BAD7001E26A7 /* 32-Ecapital.png */ = {isa = PBXFileReference; lastKnownFileType = image.png; name = "32-Ecapital.png"; path = "../../../../../../Downloads/32-Ecapital.png"; sourceTree = "<group>"; };
		304A135A2025BAD7001E26A7 /* 64-M.png */ = {isa = PBXFileReference; lastKnownFileType = image.png; name = "64-M.png"; path = "../../../../../../Downloads/64-M.png"; sourceTree = "<group>"; };
		304A135B2025BAD7001E26A7 /* 32-M.png */ = {isa = PBXFileReference; lastKnownFileType = image.png; name = "32-M.png"; path = "../../../../../../Downloads/32-M.png"; sourceTree = "<group>"; };
		304A135C2025BAD7001E26A7 /* 48-Ecapital.png */ = {isa = PBXFileReference; lastKnownFileType = image.png; name = "48-Ecapital.png"; path = "../../../../../../Downloads/48-Ecapital.png"; sourceTree = "<group>"; };
		304A135D2025BAD7001E26A7 /* 96.png */ = {isa = PBXFileReference; lastKnownFileType = image.png; name = 96.png; path = ../../../../../../Downloads/96.png; sourceTree = "<group>"; };
		304A135E2025BAD7001E26A7 /* 72-M.png */ = {isa = PBXFileReference; lastKnownFileType = image.png; name = "72-M.png"; path = "../../../../../../Downloads/72-M.png"; sourceTree = "<group>"; };
		304A135F2025BAD7001E26A7 /* 48-M.png */ = {isa = PBXFileReference; lastKnownFileType = image.png; name = "48-M.png"; path = "../../../../../../Downloads/48-M.png"; sourceTree = "<group>"; };
		304A13602025BAD8001E26A7 /* 72-G.png */ = {isa = PBXFileReference; lastKnownFileType = image.png; name = "72-G.png"; path = "../../../../../../Downloads/72-G.png"; sourceTree = "<group>"; };
		304A13612025BAD8001E26A7 /* 64-Ecapital.png */ = {isa = PBXFileReference; lastKnownFileType = image.png; name = "64-Ecapital.png"; path = "../../../../../../Downloads/64-Ecapital.png"; sourceTree = "<group>"; };
		304A13622025BAD8001E26A7 /* 48-G.png */ = {isa = PBXFileReference; lastKnownFileType = image.png; name = "48-G.png"; path = "../../../../../../Downloads/48-G.png"; sourceTree = "<group>"; };
		304A13632025BAD8001E26A7 /* 32-i.png */ = {isa = PBXFileReference; lastKnownFileType = image.png; name = "32-i.png"; path = "../../../../../../Downloads/32-i.png"; sourceTree = "<group>"; };
		304A13642025BAD8001E26A7 /* 128-Ecapital.png */ = {isa = PBXFileReference; lastKnownFileType = image.png; name = "128-Ecapital.png"; path = "../../../../../../Downloads/128-Ecapital.png"; sourceTree = "<group>"; };
		304A13652025BAD8001E26A7 /* 24.png */ = {isa = PBXFileReference; lastKnownFileType = image.png; name = 24.png; path = ../../../../../../Downloads/24.png; sourceTree = "<group>"; };
		304A13662025BAD8001E26A7 /* 32-G.png */ = {isa = PBXFileReference; lastKnownFileType = image.png; name = "32-G.png"; path = "../../../../../../Downloads/32-G.png"; sourceTree = "<group>"; };
		304A13672025BAD8001E26A7 /* 48-i.png */ = {isa = PBXFileReference; lastKnownFileType = image.png; name = "48-i.png"; path = "../../../../../../Downloads/48-i.png"; sourceTree = "<group>"; };
		304A13682025BAD8001E26A7 /* 96-Ecapital.png */ = {isa = PBXFileReference; lastKnownFileType = image.png; name = "96-Ecapital.png"; path = "../../../../../../Downloads/96-Ecapital.png"; sourceTree = "<group>"; };
/* End PBXFileReference section */

/* Begin PBXFrameworksBuildPhase section */
		304A12D62025AB4A001E26A7 /* Frameworks */ = {
			isa = PBXFrameworksBuildPhase;
			buildActionMask = 2147483647;
			files = (
			);
			runOnlyForDeploymentPostprocessing = 0;
		};
/* End PBXFrameworksBuildPhase section */

/* Begin PBXGroup section */
		304A12D02025AB4A001E26A7 = {
			isa = PBXGroup;
			children = (
				304A12DB2025AB4A001E26A7 /* app-团队 */,
				304A12DA2025AB4A001E26A7 /* Products */,
			);
			sourceTree = "<group>";
		};
		304A12DA2025AB4A001E26A7 /* Products */ = {
			isa = PBXGroup;
			children = (
				304A12D92025AB4A001E26A7 /* app-团队.app */,
			);
			name = Products;
			sourceTree = "<group>";
		};
		304A12DB2025AB4A001E26A7 /* app-团队 */ = {
			isa = PBXGroup;
			children = (
				304A13302025B797001E26A7 /* 图标 */,
				304A12DC2025AB4A001E26A7 /* AppDelegate.h */,
				304A12DD2025AB4A001E26A7 /* AppDelegate.m */,
				304A12DF2025AB4A001E26A7 /* ViewController.h */,
				304A12E02025AB4A001E26A7 /* ViewController.m */,
				304A12E22025AB4A001E26A7 /* Main.storyboard */,
				304A12E52025AB4A001E26A7 /* Assets.xcassets */,
				304A12E72025AB4A001E26A7 /* LaunchScreen.storyboard */,
				304A12EA2025AB4A001E26A7 /* Info.plist */,
				304A12EB2025AB4A001E26A7 /* main.m */,
			);
			path = "app-团队";
			sourceTree = "<group>";
		};
		304A13302025B797001E26A7 /* 图标 */ = {
			isa = PBXGroup;
			children = (
				304A13652025BAD8001E26A7 /* 24.png */,
				304A13592025BAD7001E26A7 /* 32-Ecapital.png */,
				304A13662025BAD8001E26A7 /* 32-G.png */,
				304A13632025BAD8001E26A7 /* 32-i.png */,
				304A135B2025BAD7001E26A7 /* 32-M.png */,
				304A135C2025BAD7001E26A7 /* 48-Ecapital.png */,
				304A13622025BAD8001E26A7 /* 48-G.png */,
				304A13672025BAD8001E26A7 /* 48-i.png */,
				304A135F2025BAD7001E26A7 /* 48-M.png */,
				304A13612025BAD8001E26A7 /* 64-Ecapital.png */,
				304A13572025BAD7001E26A7 /* 64-G.png */,
				304A13582025BAD7001E26A7 /* 64-i.png */,
				304A135A2025BAD7001E26A7 /* 64-M.png */,
				304A13532025BAD7001E26A7 /* 72-Ecapital.png */,
				304A13602025BAD8001E26A7 /* 72-G.png */,
				304A13542025BAD7001E26A7 /* 72-i.png */,
				304A135E2025BAD7001E26A7 /* 72-M.png */,
				304A13682025BAD8001E26A7 /* 96-Ecapital.png */,
				304A13562025BAD7001E26A7 /* 96-G.png */,
				304A13512025BAD6001E26A7 /* 96-M.png */,
				304A135D2025BAD7001E26A7 /* 96.png */,
				304A13642025BAD8001E26A7 /* 128-Ecapital.png */,
				304A13522025BAD6001E26A7 /* 128-M.png */,
				304A13552025BAD7001E26A7 /* H.ico */,
				304A13402025B7E0001E26A7 /* 24*24.png */,
				304A13392025B7DF001E26A7 /* 32*32.png */,
				304A133B2025B7DF001E26A7 /* 48*48.png */,
				304A13412025B7E0001E26A7 /* 64*64.png */,
				304A133F2025B7DF001E26A7 /* 枫叶48*48.png */,
				304A13342025B7DF001E26A7 /* 枫叶64*64.png */,
				304A13372025B7DF001E26A7 /* leaf-36-3.png */,
				304A13352025B7DF001E26A7 /* leaf-69-2.png */,
				304A133E2025B7DF001E26A7 /* leaf-69-3.png */,
				304A133D2025B7DF001E26A7 /* leaf-69.png */,
				304A13362025B7DF001E26A7 /* leaf-97-2.png */,
				304A13382025B7DF001E26A7 /* leaf-97.png */,
				304A133C2025B7DF001E26A7 /* leaf-125-2.png */,
				304A13332025B7DF001E26A7 /* leaf-125-3.png */,
				304A133A2025B7DF001E26A7 /* leaf-125.png */,
				304A13312025B7B2001E26A7 /* favorite_bookmark.png */,
			);
			name = "图标";
			path = "New Group";
			sourceTree = "<group>";
		};
/* End PBXGroup section */

/* Begin PBXNativeTarget section */
		304A12D82025AB4A001E26A7 /* app-团队 */ = {
			isa = PBXNativeTarget;
			buildConfigurationList = 304A12EF2025AB4A001E26A7 /* Build configuration list for PBXNativeTarget "app-团队" */;
			buildPhases = (
				304A12D52025AB4A001E26A7 /* Sources */,
				304A12D62025AB4A001E26A7 /* Frameworks */,
				304A12D72025AB4A001E26A7 /* Resources */,
			);
			buildRules = (
			);
			dependencies = (
			);
			name = "app-团队";
			productName = "app-团队";
			productReference = 304A12D92025AB4A001E26A7 /* app-团队.app */;
			productType = "com.apple.product-type.application";
		};
/* End PBXNativeTarget section */

/* Begin PBXProject section */
		304A12D12025AB4A001E26A7 /* Project object */ = {
			isa = PBXProject;
			attributes = {
				LastUpgradeCheck = 0920;
				ORGANIZATIONNAME = grf;
				TargetAttributes = {
					304A12D82025AB4A001E26A7 = {
						CreatedOnToolsVersion = 9.2;
						ProvisioningStyle = Automatic;
					};
				};
			};
			buildConfigurationList = 304A12D42025AB4A001E26A7 /* Build configuration list for PBXProject "app-团队" */;
			compatibilityVersion = "Xcode 8.0";
			developmentRegion = en;
			hasScannedForEncodings = 0;
			knownRegions = (
				en,
				Base,
			);
			mainGroup = 304A12D02025AB4A001E26A7;
			productRefGroup = 304A12DA2025AB4A001E26A7 /* Products */;
			projectDirPath = "";
			projectRoot = "";
			targets = (
				304A12D82025AB4A001E26A7 /* app-团队 */,
			);
		};
/* End PBXProject section */

/* Begin PBXResourcesBuildPhase section */
		304A12D72025AB4A001E26A7 /* Resources */ = {
			isa = PBXResourcesBuildPhase;
			buildActionMask = 2147483647;
			files = (
				304A13702025BAD8001E26A7 /* 64-i.png in Resources */,
				304A13722025BAD8001E26A7 /* 64-M.png in Resources */,
				304A12E92025AB4A001E26A7 /* LaunchScreen.storyboard in Resources */,
				304A12E62025AB4A001E26A7 /* Assets.xcassets in Resources */,
				304A13712025BAD8001E26A7 /* 32-Ecapital.png in Resources */,
				304A13322025B7B2001E26A7 /* favorite_bookmark.png in Resources */,
				304A13442025B7E0001E26A7 /* leaf-69-2.png in Resources */,
				304A134F2025B7E0001E26A7 /* 24*24.png in Resources */,
				304A13752025BAD8001E26A7 /* 96.png in Resources */,
				304A134D2025B7E0001E26A7 /* leaf-69-3.png in Resources */,
				304A137B2025BAD8001E26A7 /* 32-i.png in Resources */,
				304A136D2025BAD8001E26A7 /* H.ico in Resources */,
				304A137A2025BAD8001E26A7 /* 48-G.png in Resources */,
				304A134A2025B7E0001E26A7 /* 48*48.png in Resources */,
				304A13492025B7E0001E26A7 /* leaf-125.png in Resources */,
				304A137D2025BAD8001E26A7 /* 24.png in Resources */,
				304A13732025BAD8001E26A7 /* 32-M.png in Resources */,
				304A13462025B7E0001E26A7 /* leaf-36-3.png in Resources */,
				304A13502025B7E0001E26A7 /* 64*64.png in Resources */,
				304A134B2025B7E0001E26A7 /* leaf-125-2.png in Resources */,
				304A136E2025BAD8001E26A7 /* 96-G.png in Resources */,
				304A137F2025BAD8001E26A7 /* 48-i.png in Resources */,
				304A13472025B7E0001E26A7 /* leaf-97.png in Resources */,
				304A13692025BAD8001E26A7 /* 96-M.png in Resources */,
				304A134E2025B7E0001E26A7 /* 枫叶48*48.png in Resources */,
				304A134C2025B7E0001E26A7 /* leaf-69.png in Resources */,
				304A13782025BAD8001E26A7 /* 72-G.png in Resources */,
				304A137E2025BAD8001E26A7 /* 32-G.png in Resources */,
				304A136F2025BAD8001E26A7 /* 64-G.png in Resources */,
				304A13792025BAD8001E26A7 /* 64-Ecapital.png in Resources */,
				304A13452025B7E0001E26A7 /* leaf-97-2.png in Resources */,
				304A136C2025BAD8001E26A7 /* 72-i.png in Resources */,
				304A136A2025BAD8001E26A7 /* 128-M.png in Resources */,
				304A12E42025AB4A001E26A7 /* Main.storyboard in Resources */,
				304A13422025B7E0001E26A7 /* leaf-125-3.png in Resources */,
				304A13802025BAD8001E26A7 /* 96-Ecapital.png in Resources */,
				304A13742025BAD8001E26A7 /* 48-Ecapital.png in Resources */,
				304A136B2025BAD8001E26A7 /* 72-Ecapital.png in Resources */,
				304A13762025BAD8001E26A7 /* 72-M.png in Resources */,
				304A13772025BAD8001E26A7 /* 48-M.png in Resources */,
				304A137C2025BAD8001E26A7 /* 128-Ecapital.png in Resources */,
				304A13432025B7E0001E26A7 /* 枫叶64*64.png in Resources */,
				304A13482025B7E0001E26A7 /* 32*32.png in Resources */,
			);
			runOnlyForDeploymentPostprocessing = 0;
		};
/* End PBXResourcesBuildPhase section */

/* Begin PBXSourcesBuildPhase section */
		304A12D52025AB4A001E26A7 /* Sources */ = {
			isa = PBXSourcesBuildPhase;
			buildActionMask = 2147483647;
			files = (
				304A12E12025AB4A001E26A7 /* ViewController.m in Sources */,
				304A12EC2025AB4A001E26A7 /* main.m in Sources */,
				304A12DE2025AB4A001E26A7 /* AppDelegate.m in Sources */,
			);
			runOnlyForDeploymentPostprocessing = 0;
		};
/* End PBXSourcesBuildPhase section */

/* Begin PBXVariantGroup section */
		304A12E22025AB4A001E26A7 /* Main.storyboard */ = {
			isa = PBXVariantGroup;
			children = (
				304A12E32025AB4A001E26A7 /* Base */,
			);
			name = Main.storyboard;
			sourceTree = "<group>";
		};
		304A12E72025AB4A001E26A7 /* LaunchScreen.storyboard */ = {
			isa = PBXVariantGroup;
			children = (
				304A12E82025AB4A001E26A7 /* Base */,
			);
			name = LaunchScreen.storyboard;
			sourceTree = "<group>";
		};
/* End PBXVariantGroup section */

/* Begin XCBuildConfiguration section */
		304A12ED2025AB4A001E26A7 /* Debug */ = {
			isa = XCBuildConfiguration;
			buildSettings = {
				ALWAYS_SEARCH_USER_PATHS = NO;
				CLANG_ANALYZER_NONNULL = YES;
				CLANG_ANALYZER_NUMBER_OBJECT_CONVERSION = YES_AGGRESSIVE;
				CLANG_CXX_LANGUAGE_STANDARD = "gnu++14";
				CLANG_CXX_LIBRARY = "libc++";
				CLANG_ENABLE_MODULES = YES;
				CLANG_ENABLE_OBJC_ARC = YES;
				CLANG_WARN_BLOCK_CAPTURE_AUTORELEASING = YES;
				CLANG_WARN_BOOL_CONVERSION = YES;
				CLANG_WARN_COMMA = YES;
				CLANG_WARN_CONSTANT_CONVERSION = YES;
				CLANG_WARN_DIRECT_OBJC_ISA_USAGE = YES_ERROR;
				CLANG_WARN_DOCUMENTATION_COMMENTS = YES;
				CLANG_WARN_EMPTY_BODY = YES;
				CLANG_WARN_ENUM_CONVERSION = YES;
				CLANG_WARN_INFINITE_RECURSION = YES;
				CLANG_WARN_INT_CONVERSION = YES;
				CLANG_WARN_NON_LITERAL_NULL_CONVERSION = YES;
				CLANG_WARN_OBJC_LITERAL_CONVERSION = YES;
				CLANG_WARN_OBJC_ROOT_CLASS = YES_ERROR;
				CLANG_WARN_RANGE_LOOP_ANALYSIS = YES;
				CLANG_WARN_STRICT_PROTOTYPES = YES;
				CLANG_WARN_SUSPICIOUS_MOVE = YES;
				CLANG_WARN_UNGUARDED_AVAILABILITY = YES_AGGRESSIVE;
				CLANG_WARN_UNREACHABLE_CODE = YES;
				CLANG_WARN__DUPLICATE_METHOD_MATCH = YES;
				CODE_SIGN_IDENTITY = "iPhone Developer";
				COPY_PHASE_STRIP = NO;
				DEBUG_INFORMATION_FORMAT = dwarf;
				ENABLE_STRICT_OBJC_MSGSEND = YES;
				ENABLE_TESTABILITY = YES;
				GCC_C_LANGUAGE_STANDARD = gnu11;
				GCC_DYNAMIC_NO_PIC = NO;
				GCC_NO_COMMON_BLOCKS = YES;
				GCC_OPTIMIZATION_LEVEL = 0;
				GCC_PREPROCESSOR_DEFINITIONS = (
					"DEBUG=1",
					"$(inherited)",
				);
				GCC_WARN_64_TO_32_BIT_CONVERSION = YES;
				GCC_WARN_ABOUT_RETURN_TYPE = YES_ERROR;
				GCC_WARN_UNDECLARED_SELECTOR = YES;
				GCC_WARN_UNINITIALIZED_AUTOS = YES_AGGRESSIVE;
				GCC_WARN_UNUSED_FUNCTION = YES;
				GCC_WARN_UNUSED_VARIABLE = YES;
				IPHONEOS_DEPLOYMENT_TARGET = 11.2;
				MTL_ENABLE_DEBUG_INFO = YES;
				ONLY_ACTIVE_ARCH = YES;
				SDKROOT = iphoneos;
			};
			name = Debug;
		};
		304A12EE2025AB4A001E26A7 /* Release */ = {
			isa = XCBuildConfiguration;
			buildSettings = {
				ALWAYS_SEARCH_USER_PATHS = NO;
				CLANG_ANALYZER_NONNULL = YES;
				CLANG_ANALYZER_NUMBER_OBJECT_CONVERSION = YES_AGGRESSIVE;
				CLANG_CXX_LANGUAGE_STANDARD = "gnu++14";
				CLANG_CXX_LIBRARY = "libc++";
				CLANG_ENABLE_MODULES = YES;
				CLANG_ENABLE_OBJC_ARC = YES;
				CLANG_WARN_BLOCK_CAPTURE_AUTORELEASING = YES;
				CLANG_WARN_BOOL_CONVERSION = YES;
				CLANG_WARN_COMMA = YES;
				CLANG_WARN_CONSTANT_CONVERSION = YES;
				CLANG_WARN_DIRECT_OBJC_ISA_USAGE = YES_ERROR;
				CLANG_WARN_DOCUMENTATION_COMMENTS = YES;
				CLANG_WARN_EMPTY_BODY = YES;
				CLANG_WARN_ENUM_CONVERSION = YES;
				CLANG_WARN_INFINITE_RECURSION = YES;
				CLANG_WARN_INT_CONVERSION = YES;
				CLANG_WARN_NON_LITERAL_NULL_CONVERSION = YES;
				CLANG_WARN_OBJC_LITERAL_CONVERSION = YES;
				CLANG_WARN_OBJC_ROOT_CLASS = YES_ERROR;
				CLANG_WARN_RANGE_LOOP_ANALYSIS = YES;
				CLANG_WARN_STRICT_PROTOTYPES = YES;
				CLANG_WARN_SUSPICIOUS_MOVE = YES;
				CLANG_WARN_UNGUARDED_AVAILABILITY = YES_AGGRESSIVE;
				CLANG_WARN_UNREACHABLE_CODE = YES;
				CLANG_WARN__DUPLICATE_METHOD_MATCH = YES;
				CODE_SIGN_IDENTITY = "iPhone Developer";
				COPY_PHASE_STRIP = NO;
				DEBUG_INFORMATION_FORMAT = "dwarf-with-dsym";
				ENABLE_NS_ASSERTIONS = NO;
				ENABLE_STRICT_OBJC_MSGSEND = YES;
				GCC_C_LANGUAGE_STANDARD = gnu11;
				GCC_NO_COMMON_BLOCKS = YES;
				GCC_WARN_64_TO_32_BIT_CONVERSION = YES;
				GCC_WARN_ABOUT_RETURN_TYPE = YES_ERROR;
				GCC_WARN_UNDECLARED_SELECTOR = YES;
				GCC_WARN_UNINITIALIZED_AUTOS = YES_AGGRESSIVE;
				GCC_WARN_UNUSED_FUNCTION = YES;
				GCC_WARN_UNUSED_VARIABLE = YES;
				IPHONEOS_DEPLOYMENT_TARGET = 11.2;
				MTL_ENABLE_DEBUG_INFO = NO;
				SDKROOT = iphoneos;
				VALIDATE_PRODUCT = YES;
			};
			name = Release;
		};
		304A12F02025AB4A001E26A7 /* Debug */ = {
			isa = XCBuildConfiguration;
			buildSettings = {
				ASSETCATALOG_COMPILER_APPICON_NAME = AppIcon;
				CODE_SIGN_STYLE = Automatic;
				INFOPLIST_FILE = "app-团队/Info.plist";
				LD_RUNPATH_SEARCH_PATHS = "$(inherited) @executable_path/Frameworks";
				PRODUCT_BUNDLE_IDENTIFIER = "iGEM.app---";
				PRODUCT_NAME = "$(TARGET_NAME)";
				TARGETED_DEVICE_FAMILY = "1,2";
			};
			name = Debug;
		};
		304A12F12025AB4A001E26A7 /* Release */ = {
			isa = XCBuildConfiguration;
			buildSettings = {
				ASSETCATALOG_COMPILER_APPICON_NAME = AppIcon;
				CODE_SIGN_STYLE = Automatic;
				INFOPLIST_FILE = "app-团队/Info.plist";
				LD_RUNPATH_SEARCH_PATHS = "$(inherited) @executable_path/Frameworks";
				PRODUCT_BUNDLE_IDENTIFIER = "iGEM.app---";
				PRODUCT_NAME = "$(TARGET_NAME)";
				TARGETED_DEVICE_FAMILY = "1,2";
			};
			name = Release;
		};
/* End XCBuildConfiguration section */

/* Begin XCConfigurationList section */
		304A12D42025AB4A001E26A7 /* Build configuration list for PBXProject "app-团队" */ = {
			isa = XCConfigurationList;
			buildConfigurations = (
				304A12ED2025AB4A001E26A7 /* Debug */,
				304A12EE2025AB4A001E26A7 /* Release */,
			);
			defaultConfigurationIsVisible = 0;
			defaultConfigurationName = Release;
		};
		304A12EF2025AB4A001E26A7 /* Build configuration list for PBXNativeTarget "app-团队" */ = {
			isa = XCConfigurationList;
			buildConfigurations = (
				304A12F02025AB4A001E26A7 /* Debug */,
				304A12F12025AB4A001E26A7 /* Release */,
			);
			defaultConfigurationIsVisible = 0;
			defaultConfigurationName = Release;
		};
/* End XCConfigurationList section */
	};
	rootObject = 304A12D12025AB4A001E26A7 /* Project object */;
}
